// !$*UTF8*$!
{
	archiveVersion = 1;
	classes = {
	};
	objectVersion = 46;
	objects = {

/* Begin PBXBuildFile section */
		6C9E9D1E1B3A111E00E27ECC /* main.m in Sources */ = {isa = PBXBuildFile; fileRef = 6C9E9D1D1B3A111E00E27ECC /* main.m */; };
		6C9E9D211B3A111E00E27ECC /* AppDelegate.m in Sources */ = {isa = PBXBuildFile; fileRef = 6C9E9D201B3A111E00E27ECC /* AppDelegate.m */; };
		6C9E9D271B3A111E00E27ECC /* Main.storyboard in Resources */ = {isa = PBXBuildFile; fileRef = 6C9E9D251B3A111E00E27ECC /* Main.storyboard */; };
		6C9E9D291B3A111E00E27ECC /* Images.xcassets in Resources */ = {isa = PBXBuildFile; fileRef = 6C9E9D281B3A111E00E27ECC /* Images.xcassets */; };
		6C9E9D2C1B3A111E00E27ECC /* LaunchScreen.xib in Resources */ = {isa = PBXBuildFile; fileRef = 6C9E9D2A1B3A111E00E27ECC /* LaunchScreen.xib */; };
		6C9E9D381B3A111F00E27ECC /* bloxTests.m in Sources */ = {isa = PBXBuildFile; fileRef = 6C9E9D371B3A111F00E27ECC /* bloxTests.m */; };
		6C9E9D431B3A171300E27ECC /* FBSDKCoreKit.framework in Frameworks */ = {isa = PBXBuildFile; fileRef = 6C9E9D421B3A171300E27ECC /* FBSDKCoreKit.framework */; };
		6CCF1B931B3DDF0F008A8747 /* InboxViewController.m in Sources */ = {isa = PBXBuildFile; fileRef = 6CCF1B921B3DDF0F008A8747 /* InboxViewController.m */; };
		6CCF1B971B3DFF92008A8747 /* SWRevealViewController.m in Sources */ = {isa = PBXBuildFile; fileRef = 6CCF1B961B3DFF92008A8747 /* SWRevealViewController.m */; };
		6CF7BF4F1B3B08AD00CF52B6 /* ConnectionsViewController.m in Sources */ = {isa = PBXBuildFile; fileRef = 6CF7BF4E1B3B08AD00CF52B6 /* ConnectionsViewController.m */; };
		6CF7BF511B3B09D500CF52B6 /* FBSDKLoginKit.framework in Frameworks */ = {isa = PBXBuildFile; fileRef = 6CF7BF501B3B09D500CF52B6 /* FBSDKLoginKit.framework */; };
/* End PBXBuildFile section */

/* Begin PBXContainerItemProxy section */
		6C9E9D321B3A111F00E27ECC /* PBXContainerItemProxy */ = {
			isa = PBXContainerItemProxy;
			containerPortal = 6C9E9D101B3A111E00E27ECC /* Project object */;
			proxyType = 1;
			remoteGlobalIDString = 6C9E9D171B3A111E00E27ECC;
			remoteInfo = blox;
		};
/* End PBXContainerItemProxy section */

/* Begin PBXFileReference section */
		6C9E9D181B3A111E00E27ECC /* blox.app */ = {isa = PBXFileReference; explicitFileType = wrapper.application; includeInIndex = 0; path = blox.app; sourceTree = BUILT_PRODUCTS_DIR; };
		6C9E9D1C1B3A111E00E27ECC /* Info.plist */ = {isa = PBXFileReference; lastKnownFileType = text.plist.xml; path = Info.plist; sourceTree = "<group>"; };
		6C9E9D1D1B3A111E00E27ECC /* main.m */ = {isa = PBXFileReference; lastKnownFileType = sourcecode.c.objc; path = main.m; sourceTree = "<group>"; };
		6C9E9D1F1B3A111E00E27ECC /* AppDelegate.h */ = {isa = PBXFileReference; lastKnownFileType = sourcecode.c.h; path = AppDelegate.h; sourceTree = "<group>"; };
		6C9E9D201B3A111E00E27ECC /* AppDelegate.m */ = {isa = PBXFileReference; lastKnownFileType = sourcecode.c.objc; path = AppDelegate.m; sourceTree = "<group>"; };
		6C9E9D261B3A111E00E27ECC /* Base */ = {isa = PBXFileReference; lastKnownFileType = file.storyboard; name = Base; path = Base.lproj/Main.storyboard; sourceTree = "<group>"; };
		6C9E9D281B3A111E00E27ECC /* Images.xcassets */ = {isa = PBXFileReference; lastKnownFileType = folder.assetcatalog; path = Images.xcassets; sourceTree = "<group>"; };
		6C9E9D2B1B3A111E00E27ECC /* Base */ = {isa = PBXFileReference; lastKnownFileType = file.xib; name = Base; path = Base.lproj/LaunchScreen.xib; sourceTree = "<group>"; };
		6C9E9D311B3A111F00E27ECC /* bloxTests.xctest */ = {isa = PBXFileReference; explicitFileType = wrapper.cfbundle; includeInIndex = 0; path = bloxTests.xctest; sourceTree = BUILT_PRODUCTS_DIR; };
		6C9E9D361B3A111F00E27ECC /* Info.plist */ = {isa = PBXFileReference; lastKnownFileType = text.plist.xml; path = Info.plist; sourceTree = "<group>"; };
		6C9E9D371B3A111F00E27ECC /* bloxTests.m */ = {isa = PBXFileReference; lastKnownFileType = sourcecode.c.objc; path = bloxTests.m; sourceTree = "<group>"; };
		6C9E9D421B3A171300E27ECC /* FBSDKCoreKit.framework */ = {isa = PBXFileReference; lastKnownFileType = wrapper.framework; name = FBSDKCoreKit.framework; path = Frameworks/FBSDKCoreKit.framework; sourceTree = SOURCE_ROOT; };
		6CCF1B911B3DDF0F008A8747 /* InboxViewController.h */ = {isa = PBXFileReference; fileEncoding = 4; lastKnownFileType = sourcecode.c.h; path = InboxViewController.h; sourceTree = "<group>"; };
		6CCF1B921B3DDF0F008A8747 /* InboxViewController.m */ = {isa = PBXFileReference; fileEncoding = 4; lastKnownFileType = sourcecode.c.objc; path = InboxViewController.m; sourceTree = "<group>"; };
		6CCF1B951B3DFF92008A8747 /* SWRevealViewController.h */ = {isa = PBXFileReference; fileEncoding = 4; lastKnownFileType = sourcecode.c.h; name = SWRevealViewController.h; path = SlideOutMenu/SWRevealViewController.h; sourceTree = "<group>"; };
		6CCF1B961B3DFF92008A8747 /* SWRevealViewController.m */ = {isa = PBXFileReference; fileEncoding = 4; lastKnownFileType = sourcecode.c.objc; name = SWRevealViewController.m; path = SlideOutMenu/SWRevealViewController.m; sourceTree = "<group>"; };
		6CF7BF4D1B3B08AD00CF52B6 /* ConnectionsViewController.h */ = {isa = PBXFileReference; fileEncoding = 4; lastKnownFileType = sourcecode.c.h; path = ConnectionsViewController.h; sourceTree = "<group>"; };
		6CF7BF4E1B3B08AD00CF52B6 /* ConnectionsViewController.m */ = {isa = PBXFileReference; fileEncoding = 4; lastKnownFileType = sourcecode.c.objc; path = ConnectionsViewController.m; sourceTree = "<group>"; };
		6CF7BF501B3B09D500CF52B6 /* FBSDKLoginKit.framework */ = {isa = PBXFileReference; lastKnownFileType = wrapper.framework; name = FBSDKLoginKit.framework; path = Frameworks/FBSDKLoginKit.framework; sourceTree = SOURCE_ROOT; };
/* End PBXFileReference section */

/* Begin PBXFrameworksBuildPhase section */
		6C9E9D151B3A111E00E27ECC /* Frameworks */ = {
			isa = PBXFrameworksBuildPhase;
			buildActionMask = 2147483647;
			files = (
				6CF7BF511B3B09D500CF52B6 /* FBSDKLoginKit.framework in Frameworks */,
				6C9E9D431B3A171300E27ECC /* FBSDKCoreKit.framework in Frameworks */,
			);
			runOnlyForDeploymentPostprocessing = 0;
		};
		6C9E9D2E1B3A111F00E27ECC /* Frameworks */ = {
			isa = PBXFrameworksBuildPhase;
			buildActionMask = 2147483647;
			files = (
			);
			runOnlyForDeploymentPostprocessing = 0;
		};
/* End PBXFrameworksBuildPhase section */

/* Begin PBXGroup section */
		6C9E9D0F1B3A111E00E27ECC = {
			isa = PBXGroup;
			children = (
				6C9E9D1A1B3A111E00E27ECC /* blox */,
				6C9E9D341B3A111F00E27ECC /* bloxTests */,
				6C9E9D191B3A111E00E27ECC /* Products */,
			);
			sourceTree = "<group>";
		};
		6C9E9D191B3A111E00E27ECC /* Products */ = {
			isa = PBXGroup;
			children = (
				6C9E9D181B3A111E00E27ECC /* blox.app */,
				6C9E9D311B3A111F00E27ECC /* bloxTests.xctest */,
			);
			name = Products;
			sourceTree = "<group>";
		};
		6C9E9D1A1B3A111E00E27ECC /* blox */ = {
			isa = PBXGroup;
			children = (
				6CF7BF4D1B3B08AD00CF52B6 /* ConnectionsViewController.h */,
				6CF7BF4E1B3B08AD00CF52B6 /* ConnectionsViewController.m */,
				6CCF1B911B3DDF0F008A8747 /* InboxViewController.h */,
				6CCF1B921B3DDF0F008A8747 /* InboxViewController.m */,
				6C9E9D251B3A111E00E27ECC /* Main.storyboard */,
				6C9E9D2A1B3A111E00E27ECC /* LaunchScreen.xib */,
				6C9E9D1B1B3A111E00E27ECC /* Supporting Files */,
				6C9E9D411B3A16C500E27ECC /* Frameworks */,
			);
			path = blox;
			sourceTree = "<group>";
		};
		6C9E9D1B1B3A111E00E27ECC /* Supporting Files */ = {
			isa = PBXGroup;
			children = (
				6CCF1B941B3DFF7D008A8747 /* SlideOutMenu */,
				6C9E9D1F1B3A111E00E27ECC /* AppDelegate.h */,
				6C9E9D201B3A111E00E27ECC /* AppDelegate.m */,
				6C9E9D281B3A111E00E27ECC /* Images.xcassets */,
				6C9E9D1C1B3A111E00E27ECC /* Info.plist */,
				6C9E9D1D1B3A111E00E27ECC /* main.m */,
			);
			name = "Supporting Files";
			sourceTree = "<group>";
		};
		6C9E9D341B3A111F00E27ECC /* bloxTests */ = {
			isa = PBXGroup;
			children = (
				6C9E9D371B3A111F00E27ECC /* bloxTests.m */,
				6C9E9D351B3A111F00E27ECC /* Supporting Files */,
			);
			path = bloxTests;
			sourceTree = "<group>";
		};
		6C9E9D351B3A111F00E27ECC /* Supporting Files */ = {
			isa = PBXGroup;
			children = (
				6C9E9D361B3A111F00E27ECC /* Info.plist */,
			);
			name = "Supporting Files";
			sourceTree = "<group>";
		};
		6C9E9D411B3A16C500E27ECC /* Frameworks */ = {
			isa = PBXGroup;
			children = (
				6CF7BF501B3B09D500CF52B6 /* FBSDKLoginKit.framework */,
				6C9E9D421B3A171300E27ECC /* FBSDKCoreKit.framework */,
			);
			name = Frameworks;
			sourceTree = "<group>";
		};
		6CCF1B941B3DFF7D008A8747 /* SlideOutMenu */ = {
			isa = PBXGroup;
			children = (
				6CCF1B951B3DFF92008A8747 /* SWRevealViewController.h */,
				6CCF1B961B3DFF92008A8747 /* SWRevealViewController.m */,
			);
			name = SlideOutMenu;
			sourceTree = "<group>";
		};
/* End PBXGroup section */

/* Begin PBXNativeTarget section */
		6C9E9D171B3A111E00E27ECC /* blox */ = {
			isa = PBXNativeTarget;
			buildConfigurationList = 6C9E9D3B1B3A111F00E27ECC /* Build configuration list for PBXNativeTarget "blox" */;
			buildPhases = (
				6C9E9D141B3A111E00E27ECC /* Sources */,
				6C9E9D151B3A111E00E27ECC /* Frameworks */,
				6C9E9D161B3A111E00E27ECC /* Resources */,
			);
			buildRules = (
			);
			dependencies = (
			);
			name = blox;
			productName = blox;
			productReference = 6C9E9D181B3A111E00E27ECC /* blox.app */;
			productType = "com.apple.product-type.application";
		};
		6C9E9D301B3A111F00E27ECC /* bloxTests */ = {
			isa = PBXNativeTarget;
			buildConfigurationList = 6C9E9D3E1B3A111F00E27ECC /* Build configuration list for PBXNativeTarget "bloxTests" */;
			buildPhases = (
				6C9E9D2D1B3A111F00E27ECC /* Sources */,
				6C9E9D2E1B3A111F00E27ECC /* Frameworks */,
				6C9E9D2F1B3A111F00E27ECC /* Resources */,
			);
			buildRules = (
			);
			dependencies = (
				6C9E9D331B3A111F00E27ECC /* PBXTargetDependency */,
			);
			name = bloxTests;
			productName = bloxTests;
			productReference = 6C9E9D311B3A111F00E27ECC /* bloxTests.xctest */;
			productType = "com.apple.product-type.bundle.unit-test";
		};
/* End PBXNativeTarget section */

/* Begin PBXProject section */
		6C9E9D101B3A111E00E27ECC /* Project object */ = {
			isa = PBXProject;
			attributes = {
				LastUpgradeCheck = 0630;
				ORGANIZATIONNAME = "Dulio Denis";
				TargetAttributes = {
					6C9E9D171B3A111E00E27ECC = {
						CreatedOnToolsVersion = 6.3.1;
					};
					6C9E9D301B3A111F00E27ECC = {
						CreatedOnToolsVersion = 6.3.1;
						TestTargetID = 6C9E9D171B3A111E00E27ECC;
					};
				};
			};
			buildConfigurationList = 6C9E9D131B3A111E00E27ECC /* Build configuration list for PBXProject "blox" */;
			compatibilityVersion = "Xcode 3.2";
			developmentRegion = English;
			hasScannedForEncodings = 0;
			knownRegions = (
				en,
				Base,
			);
			mainGroup = 6C9E9D0F1B3A111E00E27ECC;
			productRefGroup = 6C9E9D191B3A111E00E27ECC /* Products */;
			projectDirPath = "";
			projectRoot = "";
			targets = (
				6C9E9D171B3A111E00E27ECC /* blox */,
				6C9E9D301B3A111F00E27ECC /* bloxTests */,
			);
		};
/* End PBXProject section */

/* Begin PBXResourcesBuildPhase section */
		6C9E9D161B3A111E00E27ECC /* Resources */ = {
			isa = PBXResourcesBuildPhase;
			buildActionMask = 2147483647;
			files = (
				6C9E9D271B3A111E00E27ECC /* Main.storyboard in Resources */,
				6C9E9D2C1B3A111E00E27ECC /* LaunchScreen.xib in Resources */,
				6C9E9D291B3A111E00E27ECC /* Images.xcassets in Resources */,
			);
			runOnlyForDeploymentPostprocessing = 0;
		};
		6C9E9D2F1B3A111F00E27ECC /* Resources */ = {
			isa = PBXResourcesBuildPhase;
			buildActionMask = 2147483647;
			files = (
			);
			runOnlyForDeploymentPostprocessing = 0;
		};
/* End PBXResourcesBuildPhase section */

/* Begin PBXSourcesBuildPhase section */
		6C9E9D141B3A111E00E27ECC /* Sources */ = {
			isa = PBXSourcesBuildPhase;
			buildActionMask = 2147483647;
			files = (
				6CF7BF4F1B3B08AD00CF52B6 /* ConnectionsViewController.m in Sources */,
				6C9E9D211B3A111E00E27ECC /* AppDelegate.m in Sources */,
				6CCF1B971B3DFF92008A8747 /* SWRevealViewController.m in Sources */,
				6C9E9D1E1B3A111E00E27ECC /* main.m in Sources */,
				6CCF1B931B3DDF0F008A8747 /* InboxViewController.m in Sources */,
			);
			runOnlyForDeploymentPostprocessing = 0;
		};
		6C9E9D2D1B3A111F00E27ECC /* Sources */ = {
			isa = PBXSourcesBuildPhase;
			buildActionMask = 2147483647;
			files = (
				6C9E9D381B3A111F00E27ECC /* bloxTests.m in Sources */,
			);
			runOnlyForDeploymentPostprocessing = 0;
		};
/* End PBXSourcesBuildPhase section */

/* Begin PBXTargetDependency section */
		6C9E9D331B3A111F00E27ECC /* PBXTargetDependency */ = {
			isa = PBXTargetDependency;
			target = 6C9E9D171B3A111E00E27ECC /* blox */;
			targetProxy = 6C9E9D321B3A111F00E27ECC /* PBXContainerItemProxy */;
		};
/* End PBXTargetDependency section */

/* Begin PBXVariantGroup section */
		6C9E9D251B3A111E00E27ECC /* Main.storyboard */ = {
			isa = PBXVariantGroup;
			children = (
				6C9E9D261B3A111E00E27ECC /* Base */,
			);
			name = Main.storyboard;
			sourceTree = "<group>";
		};
		6C9E9D2A1B3A111E00E27ECC /* LaunchScreen.xib */ = {
			isa = PBXVariantGroup;
			children = (
				6C9E9D2B1B3A111E00E27ECC /* Base */,
			);
			name = LaunchScreen.xib;
			sourceTree = "<group>";
		};
/* End PBXVariantGroup section */

/* Begin XCBuildConfiguration section */
		6C9E9D391B3A111F00E27ECC /* Debug */ = {
			isa = XCBuildConfiguration;
			buildSettings = {
				ALWAYS_SEARCH_USER_PATHS = NO;
				CLANG_CXX_LANGUAGE_STANDARD = "gnu++0x";
				CLANG_CXX_LIBRARY = "libc++";
				CLANG_ENABLE_MODULES = YES;
				CLANG_ENABLE_OBJC_ARC = YES;
				CLANG_WARN_BOOL_CONVERSION = YES;
				CLANG_WARN_CONSTANT_CONVERSION = YES;
				CLANG_WARN_DIRECT_OBJC_ISA_USAGE = YES_ERROR;
				CLANG_WARN_EMPTY_BODY = YES;
				CLANG_WARN_ENUM_CONVERSION = YES;
				CLANG_WARN_INT_CONVERSION = YES;
				CLANG_WARN_OBJC_ROOT_CLASS = YES_ERROR;
				CLANG_WARN_UNREACHABLE_CODE = YES;
				CLANG_WARN__DUPLICATE_METHOD_MATCH = YES;
				"CODE_SIGN_IDENTITY[sdk=iphoneos*]" = "iPhone Developer";
				COPY_PHASE_STRIP = NO;
				DEBUG_INFORMATION_FORMAT = "dwarf-with-dsym";
				ENABLE_STRICT_OBJC_MSGSEND = YES;
				GCC_C_LANGUAGE_STANDARD = gnu99;
				GCC_DYNAMIC_NO_PIC = NO;
				GCC_NO_COMMON_BLOCKS = YES;
				GCC_OPTIMIZATION_LEVEL = 0;
				GCC_PREPROCESSOR_DEFINITIONS = (
					"DEBUG=1",
					"$(inherited)",
				);
				GCC_SYMBOLS_PRIVATE_EXTERN = NO;
				GCC_WARN_64_TO_32_BIT_CONVERSION = YES;
				GCC_WARN_ABOUT_RETURN_TYPE = YES_ERROR;
				GCC_WARN_UNDECLARED_SELECTOR = YES;
				GCC_WARN_UNINITIALIZED_AUTOS = YES_AGGRESSIVE;
				GCC_WARN_UNUSED_FUNCTION = YES;
				GCC_WARN_UNUSED_VARIABLE = YES;
				IPHONEOS_DEPLOYMENT_TARGET = 8.3;
				MTL_ENABLE_DEBUG_INFO = YES;
				ONLY_ACTIVE_ARCH = YES;
				SDKROOT = iphoneos;
			};
			name = Debug;
		};
		6C9E9D3A1B3A111F00E27ECC /* Release */ = {
			isa = XCBuildConfiguration;
			buildSettings = {
				ALWAYS_SEARCH_USER_PATHS = NO;
				CLANG_CXX_LANGUAGE_STANDARD = "gnu++0x";
				CLANG_CXX_LIBRARY = "libc++";
				CLANG_ENABLE_MODULES = YES;
				CLANG_ENABLE_OBJC_ARC = YES;
				CLANG_WARN_BOOL_CONVERSION = YES;
				CLANG_WARN_CONSTANT_CONVERSION = YES;
				CLANG_WARN_DIRECT_OBJC_ISA_USAGE = YES_ERROR;
				CLANG_WARN_EMPTY_BODY = YES;
				CLANG_WARN_ENUM_CONVERSION = YES;
				CLANG_WARN_INT_CONVERSION = YES;
				CLANG_WARN_OBJC_ROOT_CLASS = YES_ERROR;
				CLANG_WARN_UNREACHABLE_CODE = YES;
				CLANG_WARN__DUPLICATE_METHOD_MATCH = YES;
				"CODE_SIGN_IDENTITY[sdk=iphoneos*]" = "iPhone Developer";
				COPY_PHASE_STRIP = NO;
				DEBUG_INFORMATION_FORMAT = "dwarf-with-dsym";
				ENABLE_NS_ASSERTIONS = NO;
				ENABLE_STRICT_OBJC_MSGSEND = YES;
				GCC_C_LANGUAGE_STANDARD = gnu99;
				GCC_NO_COMMON_BLOCKS = YES;
				GCC_WARN_64_TO_32_BIT_CONVERSION = YES;
				GCC_WARN_ABOUT_RETURN_TYPE = YES_ERROR;
				GCC_WARN_UNDECLARED_SELECTOR = YES;
				GCC_WARN_UNINITIALIZED_AUTOS = YES_AGGRESSIVE;
				GCC_WARN_UNUSED_FUNCTION = YES;
				GCC_WARN_UNUSED_VARIABLE = YES;
				IPHONEOS_DEPLOYMENT_TARGET = 8.3;
				MTL_ENABLE_DEBUG_INFO = NO;
				SDKROOT = iphoneos;
				VALIDATE_PRODUCT = YES;
			};
			name = Release;
		};
		6C9E9D3C1B3A111F00E27ECC /* Debug */ = {
			isa = XCBuildConfiguration;
			buildSettings = {
				ASSETCATALOG_COMPILER_APPICON_NAME = AppIcon;
				FRAMEWORK_SEARCH_PATHS = (
					"$(inherited)",
					"$(PROJECT_DIR)/Frameworks",
				);
				INFOPLIST_FILE = blox/Info.plist;
				LD_RUNPATH_SEARCH_PATHS = "$(inherited) @executable_path/Frameworks";
				PRODUCT_NAME = "$(TARGET_NAME)";
			};
			name = Debug;
		};
		6C9E9D3D1B3A111F00E27ECC /* Release */ = {
			isa = XCBuildConfiguration;
			buildSettings = {
				ASSETCATALOG_COMPILER_APPICON_NAME = AppIcon;
				FRAMEWORK_SEARCH_PATHS = (
					"$(inherited)",
					"$(PROJECT_DIR)/Frameworks",
				);
				INFOPLIST_FILE = blox/Info.plist;
				LD_RUNPATH_SEARCH_PATHS = "$(inherited) @executable_path/Frameworks";
				PRODUCT_NAME = "$(TARGET_NAME)";
			};
			name = Release;
		};
		6C9E9D3F1B3A111F00E27ECC /* Debug */ = {
			isa = XCBuildConfiguration;
			buildSettings = {
				BUNDLE_LOADER = "$(TEST_HOST)";
				FRAMEWORK_SEARCH_PATHS = (
					"$(SDKROOT)/Developer/Library/Frameworks",
					"$(inherited)",
				);
				GCC_PREPROCESSOR_DEFINITIONS = (
					"DEBUG=1",
					"$(inherited)",
				);
				INFOPLIST_FILE = bloxTests/Info.plist;
				LD_RUNPATH_SEARCH_PATHS = "$(inherited) @executable_path/Frameworks @loader_path/Frameworks";
				PRODUCT_NAME = "$(TARGET_NAME)";
				TEST_HOST = "$(BUILT_PRODUCTS_DIR)/blox.app/blox";
			};
			name = Debug;
		};
		6C9E9D401B3A111F00E27ECC /* Release */ = {
			isa = XCBuildConfiguration;
			buildSettings = {
				BUNDLE_LOADER = "$(TEST_HOST)";
				FRAMEWORK_SEARCH_PATHS = (
					"$(SDKROOT)/Developer/Library/Frameworks",
					"$(inherited)",
				);
				INFOPLIST_FILE = bloxTests/Info.plist;
				LD_RUNPATH_SEARCH_PATHS = "$(inherited) @executable_path/Frameworks @loader_path/Frameworks";
				PRODUCT_NAME = "$(TARGET_NAME)";
				TEST_HOST = "$(BUILT_PRODUCTS_DIR)/blox.app/blox";
			};
			name = Release;
		};
/* End XCBuildConfiguration section */

/* Begin XCConfigurationList section */
		6C9E9D131B3A111E00E27ECC /* Build configuration list for PBXProject "blox" */ = {
			isa = XCConfigurationList;
			buildConfigurations = (
				6C9E9D391B3A111F00E27ECC /* Debug */,
				6C9E9D3A1B3A111F00E27ECC /* Release */,
			);
			defaultConfigurationIsVisible = 0;
			defaultConfigurationName = Release;
		};
		6C9E9D3B1B3A111F00E27ECC /* Build configuration list for PBXNativeTarget "blox" */ = {
			isa = XCConfigurationList;
			buildConfigurations = (
				6C9E9D3C1B3A111F00E27ECC /* Debug */,
				6C9E9D3D1B3A111F00E27ECC /* Release */,
			);
			defaultConfigurationIsVisible = 0;
			defaultConfigurationName = Release;
		};
		6C9E9D3E1B3A111F00E27ECC /* Build configuration list for PBXNativeTarget "bloxTests" */ = {
			isa = XCConfigurationList;
			buildConfigurations = (
				6C9E9D3F1B3A111F00E27ECC /* Debug */,
				6C9E9D401B3A111F00E27ECC /* Release */,
			);
			defaultConfigurationIsVisible = 0;
			defaultConfigurationName = Release;
		};
/* End XCConfigurationList section */
	};
	rootObject = 6C9E9D101B3A111E00E27ECC /* Project object */;
}
